
Microsoft Visual Studio Solution File, Format Version 12.00
# Visual Studio Version 16
VisualStudioVersion = 16.0.32228.343
MinimumVisualStudioVersion = 10.0.40219.1
Project("{9A19103F-16F7-4668-BE54-9A1E7A4F7556}") = "PdfSplitter", ".\PdfSplitter\PdfSplitter.csproj", "{D12B8E92-E189-4C05-8379-FC3E23BC2681}"
EndProject
Project("{2150E333-8FDC-42A3-9474-1A3956D46DE8}") = "Tests", "Tests", "{2BFBD03E-C54B-415E-AF92-1AC92F042C4B}"
EndProject
Project("{FAE04EC0-301F-11D3-BF4B-00C04F79EFBC}") = "PdfSplitterTests", ".\PdfSplitterTests\PdfSplitterTests.csproj", "{079FD9A8-1C0E-4111-884A-F6B05EC095D1}"
EndProject
Global
	GlobalSection(SolutionConfigurationPlatforms) = preSolution
		Debug|Any CPU = Debug|Any CPU
		Release|Any CPU = Release|Any CPU
	EndGlobalSection
	GlobalSection(ProjectConfigurationPlatforms) = postSolution
		{D12B8E92-E189-4C05-8379-FC3E23BC2681}.Debug|Any CPU.ActiveCfg = Debug|Any CPU
		{D12B8E92-E189-4C05-8379-FC3E23BC2681}.Debug|Any CPU.Build.0 = Debug|Any CPU
		{D12B8E92-E189-4C05-8379-FC3E23BC2681}.Release|Any CPU.ActiveCfg = Release|Any CPU
		{D12B8E92-E189-4C05-8379-FC3E23BC2681}.Release|Any CPU.Build.0 = Release|Any CPU
		{079FD9A8-1C0E-4111-884A-F6B05EC095D1}.Debug|Any CPU.ActiveCfg = Debug|Any CPU
		{079FD9A8-1C0E-4111-884A-F6B05EC095D1}.Debug|Any CPU.Build.0 = Debug|Any CPU
		{079FD9A8-1C0E-4111-884A-F6B05EC095D1}.Release|Any CPU.ActiveCfg = Release|Any CPU
		{079FD9A8-1C0E-4111-884A-F6B05EC095D1}.Release|Any CPU.Build.0 = Release|Any CPU
	EndGlobalSection
	GlobalSection(SolutionProperties) = preSolution
		HideSolutionNode = FALSE
	EndGlobalSection
	GlobalSection(NestedProjects) = preSolution
		{079FD9A8-1C0E-4111-884A-F6B05EC095D1} = {2BFBD03E-C54B-415E-AF92-1AC92F042C4B}
	EndGlobalSection
	GlobalSection(ExtensibilityGlobals) = postSolution
		SolutionGuid = {A342CB92-8AA7-40CD-8FB8-4AFB938B870E}
	EndGlobalSection
EndGlobal
